
Microsoft Visual Studio Solution File, Format Version 12.00
# Visual Studio Version 17
VisualStudioVersion = 17.11.35327.3
MinimumVisualStudioVersion = 10.0.40219.1
Project("{FAE04EC0-301F-11D3-BF4B-00C04F79EFBC}") = "ZoicasAndreeaLab7", "ZoicasAndreeaLab7.csproj", "{C4B7BD9A-8949-4B66-AE9A-6A33A15E7FC5}"
EndProject
Global
	GlobalSection(SolutionConfigurationPlatforms) = preSolution
		Debug|Any CPU = Debug|Any CPU
		Release|Any CPU = Release|Any CPU
	EndGlobalSection
	GlobalSection(ProjectConfigurationPlatforms) = postSolution
		{C4B7BD9A-8949-4B66-AE9A-6A33A15E7FC5}.Debug|Any CPU.ActiveCfg = Debug|Any CPU
		{C4B7BD9A-8949-4B66-AE9A-6A33A15E7FC5}.Debug|Any CPU.Build.0 = Debug|Any CPU
		{C4B7BD9A-8949-4B66-AE9A-6A33A15E7FC5}.Debug|Any CPU.Deploy.0 = Debug|Any CPU
		{C4B7BD9A-8949-4B66-AE9A-6A33A15E7FC5}.Release|Any CPU.ActiveCfg = Release|Any CPU
		{C4B7BD9A-8949-4B66-AE9A-6A33A15E7FC5}.Release|Any CPU.Build.0 = Release|Any CPU
		{C4B7BD9A-8949-4B66-AE9A-6A33A15E7FC5}.Release|Any CPU.Deploy.0 = Release|Any CPU
	EndGlobalSection
	GlobalSection(SolutionProperties) = preSolution
		HideSolutionNode = FALSE
	EndGlobalSection
	GlobalSection(ExtensibilityGlobals) = postSolution
		SolutionGuid = {15500DAB-1047-4127-ADE7-792B412CCF13}
	EndGlobalSection
EndGlobal
